
Microsoft Visual Studio Solution File, Format Version 12.00
# Visual Studio 11 Express for Windows 8
Project("{FAE04EC0-301F-11D3-BF4B-00C04F79EFBC}") = "NycCodeCamp.MetroApp", "NycCodeCamp.MetroApp\NycCodeCamp.MetroApp.csproj", "{53CFDB23-23CF-4676-9AAC-F9C4DAE0B5FB}"
EndProject
Project("{FAE04EC0-301F-11D3-BF4B-00C04F79EFBC}") = "CodeCamp.Core.Metro", "CodeCamp.Core.Metro\CodeCamp.Core.Metro.csproj", "{9E5B41DA-650B-48C1-9DC1-21FF87DF04C5}"
EndProject
Global
	GlobalSection(SolutionConfigurationPlatforms) = preSolution
		Debug|Any CPU = Debug|Any CPU
		Release|Any CPU = Release|Any CPU
	EndGlobalSection
	GlobalSection(ProjectConfigurationPlatforms) = postSolution
		{53CFDB23-23CF-4676-9AAC-F9C4DAE0B5FB}.Debug|Any CPU.ActiveCfg = Debug|Any CPU
		{53CFDB23-23CF-4676-9AAC-F9C4DAE0B5FB}.Debug|Any CPU.Build.0 = Debug|Any CPU
		{53CFDB23-23CF-4676-9AAC-F9C4DAE0B5FB}.Debug|Any CPU.Deploy.0 = Debug|Any CPU
		{53CFDB23-23CF-4676-9AAC-F9C4DAE0B5FB}.Release|Any CPU.ActiveCfg = Release|Any CPU
		{53CFDB23-23CF-4676-9AAC-F9C4DAE0B5FB}.Release|Any CPU.Build.0 = Release|Any CPU
		{53CFDB23-23CF-4676-9AAC-F9C4DAE0B5FB}.Release|Any CPU.Deploy.0 = Release|Any CPU
		{9E5B41DA-650B-48C1-9DC1-21FF87DF04C5}.Debug|Any CPU.ActiveCfg = Debug|Any CPU
		{9E5B41DA-650B-48C1-9DC1-21FF87DF04C5}.Debug|Any CPU.Build.0 = Debug|Any CPU
		{9E5B41DA-650B-48C1-9DC1-21FF87DF04C5}.Release|Any CPU.ActiveCfg = Release|Any CPU
		{9E5B41DA-650B-48C1-9DC1-21FF87DF04C5}.Release|Any CPU.Build.0 = Release|Any CPU
	EndGlobalSection
	GlobalSection(SolutionProperties) = preSolution
		HideSolutionNode = FALSE
	EndGlobalSection
EndGlobal
